// !$*UTF8*$!
{
	archiveVersion = 1;
	classes = {
	};
	objectVersion = 110;
	objects = {

/* Begin PBXBuildFile section */
		A876191D305DDF6700612C7C /* DictationKeyboard.appex in Embed Foundation Extensions */ = {isa = PBXBuildFile; fileRef = A8761916305DDF6600612C7C /* DictationKeyboard.appex */; settings = {ATTRIBUTES = (RemoveHeadersOnCopy, ); }; };
		A876192D305DE32800612C7C /* WhisperKit in Frameworks */ = {isa = PBXBuildFile; productRef = A876192C305DE32800612C7C /* WhisperKit */; };
		A88FFDCC3059BE94001FCAD6 /* DictationCore in Frameworks */ = {isa = PBXBuildFile; productRef = A88FFDCB3059BE94001FCAD6 /* DictationCore */; };
		A88FFDD23059C1B5001FCAD6 /* WhisperKit in Frameworks */ = {isa = PBXBuildFile; productRef = A88FFDD13059C1B5001FCAD6 /* WhisperKit */; };
/* End PBXBuildFile section */

/* Begin PBXContainerItemProxy section */
		A876191B305DDF6700612C7C /* PBXContainerItemProxy */ = {
			isa = PBXContainerItemProxy;
			containerPortal = A890BF333059BC2300708D30 /* Project object */;
			proxyType = 1;
			remoteGlobalIDString = A8761915305DDF6600612C7C;
			remoteInfo = DictationKeyboard;
		};
/* End PBXContainerItemProxy section */

/* Begin PBXCopyFilesBuildPhase section */
		A8761922305DDF6700612C7C /* Embed Foundation Extensions */ = {
			isa = PBXCopyFilesBuildPhase;
			dstPath = "";
			dstSubfolder = PlugIns;
			files = (
				A876191D305DDF6700612C7C /* DictationKeyboard.appex in Embed Foundation Extensions */,
			);
			name = "Embed Foundation Extensions";
		};
/* End PBXCopyFilesBuildPhase section */

/* Begin PBXFileReference section */
		A8761907305DDEEB00612C7C /* OfflineDictationiOS.app */ = {isa = PBXFileReference; explicitFileType = wrapper.application; includeInIndex = 0; path = OfflineDictationiOS.app; sourceTree = BUILT_PRODUCTS_DIR; };
		A8761916305DDF6600612C7C /* DictationKeyboard.appex */ = {isa = PBXFileReference; explicitFileType = "wrapper.app-extension"; includeInIndex = 0; path = DictationKeyboard.appex; sourceTree = BUILT_PRODUCTS_DIR; };
		A890BF3B3059BC2300708D30 /* OfflineDictation.app */ = {isa = PBXFileReference; explicitFileType = wrapper.application; includeInIndex = 0; path = OfflineDictation.app; sourceTree = BUILT_PRODUCTS_DIR; };
/* End PBXFileReference section */

/* Begin PBXFileSystemSynchronizedBuildFileExceptionSet section */
		A8477FF2305C430C00A917C3 /* Exceptions for "OfflineDictation" folder in "OfflineDictation" target */ = {
			isa = PBXFileSystemSynchronizedBuildFileExceptionSet;
			membershipExceptions = (
				Info.plist,
			);
			target = A890BF3A3059BC2300708D30 /* OfflineDictation */;
		};
		A876191E305DDF6700612C7C /* Exceptions for "DictationKeyboard" folder in "DictationKeyboard" target */ = {
			isa = PBXFileSystemSynchronizedBuildFileExceptionSet;
			membershipExceptions = (
				Info.plist,
			);
			target = A8761915305DDF6600612C7C /* DictationKeyboard */;
		};
		A8761929305DE09B00612C7C /* Exceptions for "OfflineDictationiOS" folder in "DictationKeyboard" target */ = {
			isa = PBXFileSystemSynchronizedBuildFileExceptionSet;
			membershipExceptions = (
				SharedStorage.swift,
			);
			target = A8761915305DDF6600612C7C /* DictationKeyboard */;
		};
		A876192B305DE1AB00612C7C /* Exceptions for "OfflineDictationiOS" folder in "OfflineDictationiOS" target */ = {
			isa = PBXFileSystemSynchronizedBuildFileExceptionSet;
			membershipExceptions = (
				Info.plist,
			);
			target = A8761906305DDEEB00612C7C /* OfflineDictationiOS */;
		};
/* End PBXFileSystemSynchronizedBuildFileExceptionSet section */

/* Begin PBXFileSystemSynchronizedRootGroup section */
		A8761908305DDEEC00612C7C /* OfflineDictationiOS */ = {
			isa = PBXFileSystemSynchronizedRootGroup;
			exceptions = (
				A876192B305DE1AB00612C7C /* Exceptions for "OfflineDictationiOS" folder in "OfflineDictationiOS" target */,
				A8761929305DE09B00612C7C /* Exceptions for "OfflineDictationiOS" folder in "DictationKeyboard" target */,
			);
			path = OfflineDictationiOS;
			sourceTree = "<group>";
		};
		A8761917305DDF6600612C7C /* DictationKeyboard */ = {
			isa = PBXFileSystemSynchronizedRootGroup;
			exceptions = (
				A876191E305DDF6700612C7C /* Exceptions for "DictationKeyboard" folder in "DictationKeyboard" target */,
			);
			path = DictationKeyboard;
			sourceTree = "<group>";
		};
		A890BF3D3059BC2300708D30 /* OfflineDictation */ = {
			isa = PBXFileSystemSynchronizedRootGroup;
			exceptions = (
				A8477FF2305C430C00A917C3 /* Exceptions for "OfflineDictation" folder in "OfflineDictation" target */,
			);
			path = OfflineDictation;
			sourceTree = "<group>";
		};
/* End PBXFileSystemSynchronizedRootGroup section */

/* Begin PBXFrameworksBuildPhase section */
		A8761904305DDEEB00612C7C /* Frameworks */ = {
			isa = PBXFrameworksBuildPhase;
			files = (
				A876192D305DE32800612C7C /* WhisperKit in Frameworks */,
			);
		};
		A8761913305DDF6600612C7C /* Frameworks */ = {
			isa = PBXFrameworksBuildPhase;
			files = (
			);
		};
		A890BF383059BC2300708D30 /* Frameworks */ = {
			isa = PBXFrameworksBuildPhase;
			files = (
				A88FFDD23059C1B5001FCAD6 /* WhisperKit in Frameworks */,
				A88FFDCC3059BE94001FCAD6 /* DictationCore in Frameworks */,
			);
		};
/* End PBXFrameworksBuildPhase section */

/* Begin PBXGroup section */
		A88FFDD03059C1B5001FCAD6 /* Frameworks */ = {
			isa = PBXGroup;
			children = (
			);
			name = Frameworks;
			sourceTree = "<group>";
		};
		A890BF323059BC2300708D30 = {
			isa = PBXGroup;
			children = (
				A890BF3D3059BC2300708D30 /* OfflineDictation */,
				A8761908305DDEEC00612C7C /* OfflineDictationiOS */,
				A8761917305DDF6600612C7C /* DictationKeyboard */,
				A88FFDD03059C1B5001FCAD6 /* Frameworks */,
				A890BF3C3059BC2300708D30 /* Products */,
			);
			sourceTree = "<group>";
		};
		A890BF3C3059BC2300708D30 /* Products */ = {
			isa = PBXGroup;
			children = (
				A890BF3B3059BC2300708D30 /* OfflineDictation.app */,
				A8761907305DDEEB00612C7C /* OfflineDictationiOS.app */,
				A8761916305DDF6600612C7C /* DictationKeyboard.appex */,
			);
			name = Products;
			sourceTree = "<group>";
		};
/* End PBXGroup section */

/* Begin PBXNativeTarget section */
		A8761906305DDEEB00612C7C /* OfflineDictationiOS */ = {
			isa = PBXNativeTarget;
			buildConfigurationList = A8761911305DDEEF00612C7C /* Build configuration list for PBXNativeTarget "OfflineDictationiOS" */;
			buildPhases = (
				A8761903305DDEEB00612C7C /* Sources */,
				A8761904305DDEEB00612C7C /* Frameworks */,
				A8761905305DDEEB00612C7C /* Resources */,
				A8761922305DDF6700612C7C /* Embed Foundation Extensions */,
			);
			buildRules = (
			);
			dependencies = (
				A876191C305DDF6700612C7C /* PBXTargetDependency */,
			);
			fileSystemSynchronizedGroups = (
				A8761908305DDEEC00612C7C /* OfflineDictationiOS */,
			);
			name = OfflineDictationiOS;
			packageProductDependencies = (
				A876192C305DE32800612C7C /* WhisperKit */,
			);
			productName = OfflineDictationiOS;
			productReference = A8761907305DDEEB00612C7C /* OfflineDictationiOS.app */;
			productType = "com.apple.product-type.application";
		};
		A8761915305DDF6600612C7C /* DictationKeyboard */ = {
			isa = PBXNativeTarget;
			buildConfigurationList = A876191F305DDF6700612C7C /* Build configuration list for PBXNativeTarget "DictationKeyboard" */;
			buildPhases = (
				A8761912305DDF6600612C7C /* Sources */,
				A8761913305DDF6600612C7C /* Frameworks */,
				A8761914305DDF6600612C7C /* Resources */,
			);
			buildRules = (
			);
			fileSystemSynchronizedGroups = (
				A8761917305DDF6600612C7C /* DictationKeyboard */,
			);
			name = DictationKeyboard;
			productName = DictationKeyboard;
			productReference = A8761916305DDF6600612C7C /* DictationKeyboard.appex */;
			productType = "com.apple.product-type.app-extension";
		};
		A890BF3A3059BC2300708D30 /* OfflineDictation */ = {
			isa = PBXNativeTarget;
			buildConfigurationList = A890BF463059BC2600708D30 /* Build configuration list for PBXNativeTarget "OfflineDictation" */;
			buildPhases = (
				A890BF373059BC2300708D30 /* Sources */,
				A890BF383059BC2300708D30 /* Frameworks */,
				A890BF393059BC2300708D30 /* Resources */,
			);
			buildRules = (
			);
			fileSystemSynchronizedGroups = (
				A890BF3D3059BC2300708D30 /* OfflineDictation */,
			);
			name = OfflineDictation;
			packageProductDependencies = (
				A88FFDCB3059BE94001FCAD6 /* DictationCore */,
				A88FFDD13059C1B5001FCAD6 /* WhisperKit */,
			);
			productName = OfflineDictation;
			productReference = A890BF3B3059BC2300708D30 /* OfflineDictation.app */;
			productType = "com.apple.product-type.application";
		};
/* End PBXNativeTarget section */

/* Begin PBXProject section */
		A890BF333059BC2300708D30 /* Project object */ = {
			isa = PBXProject;
			attributes = {
				BuildIndependentTargetsInParallel = 1;
				LastSwiftUpdateCheck = 2700;
				LastUpgradeCheck = 2700;
				TargetAttributes = {
					A8761906305DDEEB00612C7C = {
						CreatedOnToolsVersion = 27.0;
					};
					A8761915305DDF6600612C7C = {
						CreatedOnToolsVersion = 27.0;
					};
					A890BF3A3059BC2300708D30 = {
						CreatedOnToolsVersion = 27.0;
					};
				};
			};
			buildConfigurationList = A890BF363059BC2300708D30 /* Build configuration list for PBXProject "OfflineDictation" */;
			developmentRegion = en;
			hasScannedForEncodings = 0;
			knownRegions = (
				en,
				Base,
			);
			mainGroup = A890BF323059BC2300708D30;
			minimizedProjectReferenceProxies = 1;
			packageReferences = (
				A88FFDCA3059BE94001FCAD6 /* XCLocalSwiftPackageReference "DictationCore" */,
				A88FFDCD3059C08D001FCAD6 /* XCRemoteSwiftPackageReference "WhisperKit" */,
			);
			preferredProjectObjectVersion = 77;
			productRefGroup = A890BF3C3059BC2300708D30 /* Products */;
			projectDirPath = "";
			projectRoot = "";
			targets = (
				A890BF3A3059BC2300708D30 /* OfflineDictation */,
				A8761906305DDEEB00612C7C /* OfflineDictationiOS */,
				A8761915305DDF6600612C7C /* DictationKeyboard */,
			);
		};
/* End PBXProject section */

/* Begin PBXResourcesBuildPhase section */
		A8761905305DDEEB00612C7C /* Resources */ = {
			isa = PBXResourcesBuildPhase;
			files = (
			);
		};
		A8761914305DDF6600612C7C /* Resources */ = {
			isa = PBXResourcesBuildPhase;
			files = (
			);
		};
		A890BF393059BC2300708D30 /* Resources */ = {
			isa = PBXResourcesBuildPhase;
			files = (
			);
		};
/* End PBXResourcesBuildPhase section */

/* Begin PBXSourcesBuildPhase section */
		A8761903305DDEEB00612C7C /* Sources */ = {
			isa = PBXSourcesBuildPhase;
			files = (
			);
		};
		A8761912305DDF6600612C7C /* Sources */ = {
			isa = PBXSourcesBuildPhase;
			files = (
			);
		};
		A890BF373059BC2300708D30 /* Sources */ = {
			isa = PBXSourcesBuildPhase;
			files = (
			);
		};
/* End PBXSourcesBuildPhase section */

/* Begin PBXTargetDependency section */
		A876191C305DDF6700612C7C /* PBXTargetDependency */ = {
			isa = PBXTargetDependency;
			target = A8761915305DDF6600612C7C /* DictationKeyboard */;
			targetProxy = A876191B305DDF6700612C7C /* PBXContainerItemProxy */;
		};
/* End PBXTargetDependency section */

/* Begin XCBuildConfiguration section */
		A876190F305DDEEF00612C7C /* Debug configuration for PBXNativeTarget "OfflineDictationiOS" */ = {
			isa = XCBuildConfiguration;
			buildSettings = {
				ASSETCATALOG_COMPILER_APPICON_NAME = AppIcon;
				ASSETCATALOG_COMPILER_GLOBAL_ACCENT_COLOR_NAME = AccentColor;
				CODE_SIGN_ENTITLEMENTS = OfflineDictationiOS/OfflineDictationiOS.entitlements;
				CODE_SIGN_STYLE = Automatic;
				CURRENT_PROJECT_VERSION = 1;
				DEVELOPMENT_TEAM = BW5BHFVBG6;
				ENABLE_PREVIEWS = YES;
				GENERATE_INFOPLIST_FILE = YES;
				INFOPLIST_FILE = OfflineDictationiOS/Info.plist;
				INFOPLIST_KEY_CFBundleDisplayName = OfflineDictation;
				INFOPLIST_KEY_NSMicrophoneUsageDescription = "This app needs microphone access to transcribe your speech.";
				INFOPLIST_KEY_UIApplicationSceneManifest_Generation = YES;
				INFOPLIST_KEY_UIApplicationSupportsIndirectInputEvents = YES;
				INFOPLIST_KEY_UILaunchScreen_Generation = YES;
				INFOPLIST_KEY_UISupportedInterfaceOrientations_iPad = "UIInterfaceOrientationPortrait UIInterfaceOrientationPortraitUpsideDown UIInterfaceOrientationLandscapeLeft UIInterfaceOrientationLandscapeRight";
				INFOPLIST_KEY_UISupportedInterfaceOrientations_iPhone = "UIInterfaceOrientationPortrait UIInterfaceOrientationLandscapeLeft UIInterfaceOrientationLandscapeRight";
				IPHONEOS_DEPLOYMENT_TARGET = 27.0;
				LD_RUNPATH_SEARCH_PATHS = (
					"$(inherited)",
					"@executable_path/Frameworks",
				);
				MARKETING_VERSION = 1.0;
				PRODUCT_BUNDLE_IDENTIFIER = com.divyanshu.OfflineDictationiOS;
				PRODUCT_NAME = "$(TARGET_NAME)";
				REGISTER_APP_GROUPS = YES;
				SDKROOT = iphoneos;
				STRING_CATALOG_GENERATE_SYMBOLS = YES;
				SWIFT_APPROACHABLE_CONCURRENCY = YES;
				SWIFT_DEFAULT_ACTOR_ISOLATION = MainActor;
				SWIFT_EMIT_LOC_STRINGS = YES;
				SWIFT_UPCOMING_FEATURE_MEMBER_IMPORT_VISIBILITY = YES;
				SWIFT_VERSION = 5.0;
				TARGETED_DEVICE_FAMILY = "1,2";
			};
			name = Debug;
		};
		A8761910305DDEEF00612C7C /* Release configuration for PBXNativeTarget "OfflineDictationiOS" */ = {
			isa = XCBuildConfiguration;
			buildSettings = {
				ASSETCATALOG_COMPILER_APPICON_NAME = AppIcon;
				ASSETCATALOG_COMPILER_GLOBAL_ACCENT_COLOR_NAME = AccentColor;
				CODE_SIGN_ENTITLEMENTS = OfflineDictationiOS/OfflineDictationiOS.entitlements;
				CODE_SIGN_STYLE = Automatic;
				CURRENT_PROJECT_VERSION = 1;
				DEVELOPMENT_TEAM = BW5BHFVBG6;
				ENABLE_PREVIEWS = YES;
				GENERATE_INFOPLIST_FILE = YES;
				INFOPLIST_FILE = OfflineDictationiOS/Info.plist;
				INFOPLIST_KEY_CFBundleDisplayName = OfflineDictation;
				INFOPLIST_KEY_NSMicrophoneUsageDescription = "This app needs microphone access to transcribe your speech.";
				INFOPLIST_KEY_UIApplicationSceneManifest_Generation = YES;
				INFOPLIST_KEY_UIApplicationSupportsIndirectInputEvents = YES;
				INFOPLIST_KEY_UILaunchScreen_Generation = YES;
				INFOPLIST_KEY_UISupportedInterfaceOrientations_iPad = "UIInterfaceOrientationPortrait UIInterfaceOrientationPortraitUpsideDown UIInterfaceOrientationLandscapeLeft UIInterfaceOrientationLandscapeRight";
				INFOPLIST_KEY_UISupportedInterfaceOrientations_iPhone = "UIInterfaceOrientationPortrait UIInterfaceOrientationLandscapeLeft UIInterfaceOrientationLandscapeRight";
				IPHONEOS_DEPLOYMENT_TARGET = 27.0;
				LD_RUNPATH_SEARCH_PATHS = (
					"$(inherited)",
					"@executable_path/Frameworks",
				);
				MARKETING_VERSION = 1.0;
				PRODUCT_BUNDLE_IDENTIFIER = com.divyanshu.OfflineDictationiOS;
				PRODUCT_NAME = "$(TARGET_NAME)";
				REGISTER_APP_GROUPS = YES;
				SDKROOT = iphoneos;
				STRING_CATALOG_GENERATE_SYMBOLS = YES;
				SWIFT_APPROACHABLE_CONCURRENCY = YES;
				SWIFT_DEFAULT_ACTOR_ISOLATION = MainActor;
				SWIFT_EMIT_LOC_STRINGS = YES;
				SWIFT_UPCOMING_FEATURE_MEMBER_IMPORT_VISIBILITY = YES;
				SWIFT_VERSION = 5.0;
				TARGETED_DEVICE_FAMILY = "1,2";
				VALIDATE_PRODUCT = YES;
			};
			name = Release;
		};
		A8761920305DDF6700612C7C /* Debug configuration for PBXNativeTarget "DictationKeyboard" */ = {
			isa = XCBuildConfiguration;
			buildSettings = {
				CODE_SIGN_ENTITLEMENTS = DictationKeyboard/DictationKeyboard.entitlements;
				CODE_SIGN_STYLE = Automatic;
				CURRENT_PROJECT_VERSION = 1;
				DEVELOPMENT_TEAM = BW5BHFVBG6;
				ENABLE_DEBUG_DYLIB = NO;
				GENERATE_INFOPLIST_FILE = YES;
				INFOPLIST_FILE = DictationKeyboard/Info.plist;
				INFOPLIST_KEY_CFBundleDisplayName = DictationKeyboard;
				INFOPLIST_KEY_NSHumanReadableCopyright = "";
				IPHONEOS_DEPLOYMENT_TARGET = 27.0;
				LD_RUNPATH_SEARCH_PATHS = (
					"$(inherited)",
					"@executable_path/Frameworks",
					"@executable_path/../../Frameworks",
				);
				MARKETING_VERSION = 1.0;
				PRODUCT_BUNDLE_IDENTIFIER = com.divyanshu.OfflineDictationiOS.DictationKeyboard;
				PRODUCT_NAME = "$(TARGET_NAME)";
				REGISTER_APP_GROUPS = YES;
				SDKROOT = iphoneos;
				SKIP_INSTALL = YES;
				STRING_CATALOG_GENERATE_SYMBOLS = YES;
				SWIFT_APPROACHABLE_CONCURRENCY = YES;
				SWIFT_EMIT_LOC_STRINGS = YES;
				SWIFT_UPCOMING_FEATURE_MEMBER_IMPORT_VISIBILITY = YES;
				SWIFT_VERSION = 5.0;
				TARGETED_DEVICE_FAMILY = "1,2";
			};
			name = Debug;
		};
		A8761921305DDF6700612C7C /* Release configuration for PBXNativeTarget "DictationKeyboard" */ = {
			isa = XCBuildConfiguration;
			buildSettings = {
				CODE_SIGN_ENTITLEMENTS = DictationKeyboard/DictationKeyboard.entitlements;
				CODE_SIGN_STYLE = Automatic;
				CURRENT_PROJECT_VERSION = 1;
				DEVELOPMENT_TEAM = BW5BHFVBG6;
				GENERATE_INFOPLIST_FILE = YES;
				INFOPLIST_FILE = DictationKeyboard/Info.plist;
				INFOPLIST_KEY_CFBundleDisplayName = DictationKeyboard;
				INFOPLIST_KEY_NSHumanReadableCopyright = "";
				IPHONEOS_DEPLOYMENT_TARGET = 27.0;
				LD_RUNPATH_SEARCH_PATHS = (
					"$(inherited)",
					"@executable_path/Frameworks",
					"@executable_path/../../Frameworks",
				);
				MARKETING_VERSION = 1.0;
				PRODUCT_BUNDLE_IDENTIFIER = com.divyanshu.OfflineDictationiOS.DictationKeyboard;
				PRODUCT_NAME = "$(TARGET_NAME)";
				REGISTER_APP_GROUPS = YES;
				SDKROOT = iphoneos;
				SKIP_INSTALL = YES;
				STRING_CATALOG_GENERATE_SYMBOLS = YES;
				SWIFT_APPROACHABLE_CONCURRENCY = YES;
				SWIFT_EMIT_LOC_STRINGS = YES;
				SWIFT_UPCOMING_FEATURE_MEMBER_IMPORT_VISIBILITY = YES;
				SWIFT_VERSION = 5.0;
				TARGETED_DEVICE_FAMILY = "1,2";
				VALIDATE_PRODUCT = YES;
			};
			name = Release;
		};
		A890BF443059BC2600708D30 /* Debug configuration for PBXProject "OfflineDictation" */ = {
			isa = XCBuildConfiguration;
			buildSettings = {
				ALWAYS_SEARCH_USER_PATHS = NO;
				ASSETCATALOG_COMPILER_GENERATE_SWIFT_ASSET_SYMBOL_EXTENSIONS = YES;
				CLANG_ANALYZER_NONNULL = YES;
				CLANG_ANALYZER_NUMBER_OBJECT_CONVERSION = YES_AGGRESSIVE;
				CLANG_CXX_LANGUAGE_STANDARD = "gnu++20";
				CLANG_ENABLE_MODULES = YES;
				CLANG_ENABLE_OBJC_ARC = YES;
				CLANG_ENABLE_OBJC_WEAK = YES;
				CLANG_WARN_BLOCK_CAPTURE_AUTORELEASING = YES;
				CLANG_WARN_BOOL_CONVERSION = YES;
				CLANG_WARN_COMMA = YES;
				CLANG_WARN_CONSTANT_CONVERSION = YES;
				CLANG_WARN_DEPRECATED_OBJC_IMPLEMENTATIONS = YES;
				CLANG_WARN_DIRECT_OBJC_ISA_USAGE = YES_ERROR;
				CLANG_WARN_DOCUMENTATION_COMMENTS = YES;
				CLANG_WARN_EMPTY_BODY = YES;
				CLANG_WARN_ENUM_CONVERSION = YES;
				CLANG_WARN_INFINITE_RECURSION = YES;
				CLANG_WARN_INT_CONVERSION = YES;
				CLANG_WARN_NON_LITERAL_NULL_CONVERSION = YES;
				CLANG_WARN_OBJC_IMPLICIT_RETAIN_SELF = YES;
				CLANG_WARN_OBJC_LITERAL_CONVERSION = YES;
				CLANG_WARN_OBJC_ROOT_CLASS = YES_ERROR;
				CLANG_WARN_QUOTED_INCLUDE_IN_FRAMEWORK_HEADER = YES;
				CLANG_WARN_RANGE_LOOP_ANALYSIS = YES;
				CLANG_WARN_STRICT_PROTOTYPES = YES;
				CLANG_WARN_SUSPICIOUS_MOVE = YES;
				CLANG_WARN_UNGUARDED_AVAILABILITY = YES_AGGRESSIVE;
				CLANG_WARN_UNREACHABLE_CODE = YES;
				CLANG_WARN__DUPLICATE_METHOD_MATCH = YES;
				COPY_PHASE_STRIP = NO;
				DEBUG_INFORMATION_FORMAT = dwarf;
				DEVELOPMENT_TEAM = BW5BHFVBG6;
				ENABLE_STRICT_OBJC_MSGSEND = YES;
				ENABLE_TESTABILITY = YES;
				ENABLE_USER_SCRIPT_SANDBOXING = YES;
				GCC_C_LANGUAGE_STANDARD = gnu17;
				GCC_DYNAMIC_NO_PIC = NO;
				GCC_NO_COMMON_BLOCKS = YES;
				GCC_OPTIMIZATION_LEVEL = 0;
				GCC_PREPROCESSOR_DEFINITIONS = (
					"DEBUG=1",
					"$(inherited)",
				);
				GCC_WARN_64_TO_32_BIT_CONVERSION = YES;
				GCC_WARN_ABOUT_RETURN_TYPE = YES_ERROR;
				GCC_WARN_UNDECLARED_SELECTOR = YES;
				GCC_WARN_UNINITIALIZED_AUTOS = YES_AGGRESSIVE;
				GCC_WARN_UNUSED_FUNCTION = YES;
				GCC_WARN_UNUSED_VARIABLE = YES;
				LOCALIZATION_PREFERS_STRING_CATALOGS = YES;
				MACOSX_DEPLOYMENT_TARGET = 27.0;
				MTL_ENABLE_DEBUG_INFO = INCLUDE_SOURCE;
				MTL_FAST_MATH = YES;
				ONLY_ACTIVE_ARCH = YES;
				SDKROOT = macosx;
				SWIFT_ACTIVE_COMPILATION_CONDITIONS = "DEBUG $(inherited)";
				SWIFT_OPTIMIZATION_LEVEL = "-Onone";
			};
			name = Debug;
		};
		A890BF453059BC2600708D30 /* Release configuration for PBXProject "OfflineDictation" */ = {
			isa = XCBuildConfiguration;
			buildSettings = {
				ALWAYS_SEARCH_USER_PATHS = NO;
				ASSETCATALOG_COMPILER_GENERATE_SWIFT_ASSET_SYMBOL_EXTENSIONS = YES;
				CLANG_ANALYZER_NONNULL = YES;
				CLANG_ANALYZER_NUMBER_OBJECT_CONVERSION = YES_AGGRESSIVE;
				CLANG_CXX_LANGUAGE_STANDARD = "gnu++20";
				CLANG_ENABLE_MODULES = YES;
				CLANG_ENABLE_OBJC_ARC = YES;
				CLANG_ENABLE_OBJC_WEAK = YES;
				CLANG_WARN_BLOCK_CAPTURE_AUTORELEASING = YES;
				CLANG_WARN_BOOL_CONVERSION = YES;
				CLANG_WARN_COMMA = YES;
				CLANG_WARN_CONSTANT_CONVERSION = YES;
				CLANG_WARN_DEPRECATED_OBJC_IMPLEMENTATIONS = YES;
				CLANG_WARN_DIRECT_OBJC_ISA_USAGE = YES_ERROR;
				CLANG_WARN_DOCUMENTATION_COMMENTS = YES;
				CLANG_WARN_EMPTY_BODY = YES;
				CLANG_WARN_ENUM_CONVERSION = YES;
				CLANG_WARN_INFINITE_RECURSION = YES;
				CLANG_WARN_INT_CONVERSION = YES;
				CLANG_WARN_NON_LITERAL_NULL_CONVERSION = YES;
				CLANG_WARN_OBJC_IMPLICIT_RETAIN_SELF = YES;
				CLANG_WARN_OBJC_LITERAL_CONVERSION = YES;
				CLANG_WARN_OBJC_ROOT_CLASS = YES_ERROR;
				CLANG_WARN_QUOTED_INCLUDE_IN_FRAMEWORK_HEADER = YES;
				CLANG_WARN_RANGE_LOOP_ANALYSIS = YES;
				CLANG_WARN_STRICT_PROTOTYPES = YES;
				CLANG_WARN_SUSPICIOUS_MOVE = YES;
				CLANG_WARN_UNGUARDED_AVAILABILITY = YES_AGGRESSIVE;
				CLANG_WARN_UNREACHABLE_CODE = YES;
				CLANG_WARN__DUPLICATE_METHOD_MATCH = YES;
				COPY_PHASE_STRIP = NO;
				DEBUG_INFORMATION_FORMAT = "dwarf-with-dsym";
				DEVELOPMENT_TEAM = BW5BHFVBG6;
				ENABLE_NS_ASSERTIONS = NO;
				ENABLE_STRICT_OBJC_MSGSEND = YES;
				ENABLE_USER_SCRIPT_SANDBOXING = YES;
				GCC_C_LANGUAGE_STANDARD = gnu17;
				GCC_NO_COMMON_BLOCKS = YES;
				GCC_WARN_64_TO_32_BIT_CONVERSION = YES;
				GCC_WARN_ABOUT_RETURN_TYPE = YES_ERROR;
				GCC_WARN_UNDECLARED_SELECTOR = YES;
				GCC_WARN_UNINITIALIZED_AUTOS = YES_AGGRESSIVE;
				GCC_WARN_UNUSED_FUNCTION = YES;
				GCC_WARN_UNUSED_VARIABLE = YES;
				LOCALIZATION_PREFERS_STRING_CATALOGS = YES;
				MACOSX_DEPLOYMENT_TARGET = 27.0;
				MTL_ENABLE_DEBUG_INFO = NO;
				MTL_FAST_MATH = YES;
				SDKROOT = macosx;
				SWIFT_COMPILATION_MODE = wholemodule;
			};
			name = Release;
		};
		A890BF473059BC2600708D30 /* Debug configuration for PBXNativeTarget "OfflineDictation" */ = {
			isa = XCBuildConfiguration;
			buildSettings = {
				ASSETCATALOG_COMPILER_APPICON_NAME = AppIcon;
				ASSETCATALOG_COMPILER_GLOBAL_ACCENT_COLOR_NAME = AccentColor;
				CODE_SIGN_STYLE = Automatic;
				COMBINE_HIDPI_IMAGES = YES;
				CURRENT_PROJECT_VERSION = 1;
				DEVELOPMENT_TEAM = BW5BHFVBG6;
				ENABLE_APP_SANDBOX = YES;
				ENABLE_HARDENED_RUNTIME = YES;
				ENABLE_INCOMING_NETWORK_CONNECTIONS = NO;
				ENABLE_OUTGOING_NETWORK_CONNECTIONS = YES;
				ENABLE_PREVIEWS = YES;
				ENABLE_RESOURCE_ACCESS_AUDIO_INPUT = YES;
				ENABLE_RESOURCE_ACCESS_BLUETOOTH = NO;
				ENABLE_RESOURCE_ACCESS_CALENDARS = NO;
				ENABLE_RESOURCE_ACCESS_CAMERA = NO;
				ENABLE_RESOURCE_ACCESS_CONTACTS = NO;
				ENABLE_RESOURCE_ACCESS_LOCATION = NO;
				ENABLE_RESOURCE_ACCESS_PRINTING = NO;
				ENABLE_RESOURCE_ACCESS_USB = NO;
				ENABLE_USER_SELECTED_FILES = readonly;
				GENERATE_INFOPLIST_FILE = YES;
				INFOPLIST_FILE = OfflineDictation/Info.plist;
				INFOPLIST_KEY_NSHumanReadableCopyright = "";
				INFOPLIST_KEY_NSMicrophoneUsageDescription = "This app needs microphone access to transcribe your speech.";
				LD_RUNPATH_SEARCH_PATHS = (
					"$(inherited)",
					"@executable_path/../Frameworks",
				);
				MARKETING_VERSION = 1.0;
				PRODUCT_BUNDLE_IDENTIFIER = com.divyanshu.OfflineDictation;
				PRODUCT_NAME = "$(TARGET_NAME)";
				REGISTER_APP_GROUPS = YES;
				STRING_CATALOG_GENERATE_SYMBOLS = YES;
				SWIFT_APPROACHABLE_CONCURRENCY = YES;
				SWIFT_DEFAULT_ACTOR_ISOLATION = MainActor;
				SWIFT_EMIT_LOC_STRINGS = YES;
				SWIFT_UPCOMING_FEATURE_MEMBER_IMPORT_VISIBILITY = YES;
				SWIFT_VERSION = 5.0;
			};
			name = Debug;
		};
		A890BF483059BC2600708D30 /* Release configuration for PBXNativeTarget "OfflineDictation" */ = {
			isa = XCBuildConfiguration;
			buildSettings = {
				ASSETCATALOG_COMPILER_APPICON_NAME = AppIcon;
				ASSETCATALOG_COMPILER_GLOBAL_ACCENT_COLOR_NAME = AccentColor;
				CODE_SIGN_STYLE = Automatic;
				COMBINE_HIDPI_IMAGES = YES;
				CURRENT_PROJECT_VERSION = 1;
				DEVELOPMENT_TEAM = BW5BHFVBG6;
				ENABLE_APP_SANDBOX = YES;
				ENABLE_HARDENED_RUNTIME = YES;
				ENABLE_INCOMING_NETWORK_CONNECTIONS = NO;
				ENABLE_OUTGOING_NETWORK_CONNECTIONS = YES;
				ENABLE_PREVIEWS = YES;
				ENABLE_RESOURCE_ACCESS_AUDIO_INPUT = YES;
				ENABLE_RESOURCE_ACCESS_BLUETOOTH = NO;
				ENABLE_RESOURCE_ACCESS_CALENDARS = NO;
				ENABLE_RESOURCE_ACCESS_CAMERA = NO;
				ENABLE_RESOURCE_ACCESS_CONTACTS = NO;
				ENABLE_RESOURCE_ACCESS_LOCATION = NO;
				ENABLE_RESOURCE_ACCESS_PRINTING = NO;
				ENABLE_RESOURCE_ACCESS_USB = NO;
				ENABLE_USER_SELECTED_FILES = readonly;
				GENERATE_INFOPLIST_FILE = YES;
				INFOPLIST_FILE = OfflineDictation/Info.plist;
				INFOPLIST_KEY_NSHumanReadableCopyright = "";
				INFOPLIST_KEY_NSMicrophoneUsageDescription = "This app needs microphone access to transcribe your speech.";
				LD_RUNPATH_SEARCH_PATHS = (
					"$(inherited)",
					"@executable_path/../Frameworks",
				);
				MARKETING_VERSION = 1.0;
				PRODUCT_BUNDLE_IDENTIFIER = com.divyanshu.OfflineDictation;
				PRODUCT_NAME = "$(TARGET_NAME)";
				REGISTER_APP_GROUPS = YES;
				STRING_CATALOG_GENERATE_SYMBOLS = YES;
				SWIFT_APPROACHABLE_CONCURRENCY = YES;
				SWIFT_DEFAULT_ACTOR_ISOLATION = MainActor;
				SWIFT_EMIT_LOC_STRINGS = YES;
				SWIFT_UPCOMING_FEATURE_MEMBER_IMPORT_VISIBILITY = YES;
				SWIFT_VERSION = 5.0;
			};
			name = Release;
		};
/* End XCBuildConfiguration section */

/* Begin XCConfigurationList section */
		A8761911305DDEEF00612C7C /* Build configuration list for PBXNativeTarget "OfflineDictationiOS" */ = {
			isa = XCConfigurationList;
			buildConfigurations = (
				A876190F305DDEEF00612C7C /* Debug configuration for PBXNativeTarget "OfflineDictationiOS" */,
				A8761910305DDEEF00612C7C /* Release configuration for PBXNativeTarget "OfflineDictationiOS" */,
			);
			defaultConfigurationName = Release;
		};
		A876191F305DDF6700612C7C /* Build configuration list for PBXNativeTarget "DictationKeyboard" */ = {
			isa = XCConfigurationList;
			buildConfigurations = (
				A8761920305DDF6700612C7C /* Debug configuration for PBXNativeTarget "DictationKeyboard" */,
				A8761921305DDF6700612C7C /* Release configuration for PBXNativeTarget "DictationKeyboard" */,
			);
			defaultConfigurationName = Release;
		};
		A890BF363059BC2300708D30 /* Build configuration list for PBXProject "OfflineDictation" */ = {
			isa = XCConfigurationList;
			buildConfigurations = (
				A890BF443059BC2600708D30 /* Debug configuration for PBXProject "OfflineDictation" */,
				A890BF453059BC2600708D30 /* Release configuration for PBXProject "OfflineDictation" */,
			);
			defaultConfigurationName = Release;
		};
		A890BF463059BC2600708D30 /* Build configuration list for PBXNativeTarget "OfflineDictation" */ = {
			isa = XCConfigurationList;
			buildConfigurations = (
				A890BF473059BC2600708D30 /* Debug configuration for PBXNativeTarget "OfflineDictation" */,
				A890BF483059BC2600708D30 /* Release configuration for PBXNativeTarget "OfflineDictation" */,
			);
			defaultConfigurationName = Release;
		};
/* End XCConfigurationList section */

/* Begin XCLocalSwiftPackageReference section */
		A88FFDCA3059BE94001FCAD6 /* XCLocalSwiftPackageReference "DictationCore" */ = {
			isa = XCLocalSwiftPackageReference;
			relativePath = DictationCore;
		};
/* End XCLocalSwiftPackageReference section */

/* Begin XCRemoteSwiftPackageReference section */
		A88FFDCD3059C08D001FCAD6 /* XCRemoteSwiftPackageReference "WhisperKit" */ = {
			isa = XCRemoteSwiftPackageReference;
			repositoryURL = "https://github.com/argmaxinc/WhisperKit";
			requirement = {
				kind = upToNextMajorVersion;
				minimumVersion = 1.0.0;
			};
		};
/* End XCRemoteSwiftPackageReference section */

/* Begin XCSwiftPackageProductDependency section */
		A876192C305DE32800612C7C /* WhisperKit */ = {
			isa = XCSwiftPackageProductDependency;
			package = A88FFDCD3059C08D001FCAD6 /* XCRemoteSwiftPackageReference "WhisperKit" */;
			productName = WhisperKit;
		};
		A88FFDCB3059BE94001FCAD6 /* DictationCore */ = {
			isa = XCSwiftPackageProductDependency;
			productName = DictationCore;
		};
		A88FFDD13059C1B5001FCAD6 /* WhisperKit */ = {
			isa = XCSwiftPackageProductDependency;
			package = A88FFDCD3059C08D001FCAD6 /* XCRemoteSwiftPackageReference "WhisperKit" */;
			productName = WhisperKit;
		};
/* End XCSwiftPackageProductDependency section */
	};
	rootObject = A890BF333059BC2300708D30 /* Project object */;
	validationLevel = 1;
}
